{
  "version": 4,
  "terraform_version": "1.14.8",
  "serial": 440,
  "lineage": "b049db5d-17f1-a2f5-4201-2a4fb462fc52",
  "outputs": {},
  "resources": [
    {
      "module": "module.eks-vpc",
      "mode": "managed",
      "type": "aws_vpc",
      "name": "this",
      "provider": "provider[\"registry.terraform.io/hashicorp/aws\"]",
      "instances": [
        {
          "index_key": 0,
          "schema_version": 1,
          "attributes": {
            "arn": "arn:aws:ec2:us-east-1:705738638798:vpc/vpc-0a51c78263886b184",
            "assign_generated_ipv6_cidr_block": false,
            "cidr_block": "10.10.0.0/16",
            "default_network_acl_id": "acl-07edbe9ac2fc4f75f",
            "default_route_table_id": "rtb-09e7eeac8ff231021",
            "default_security_group_id": "sg-001a282f7e143a37a",
            "dhcp_options_id": "dopt-0d2e93f80aa0fc3ca",
            "enable_dns_hostnames": true,
            "enable_dns_support": true,
            "enable_network_address_usage_metrics": false,
            "id": "vpc-0a51c78263886b184",
            "instance_tenancy": "default",
            "ipv4_ipam_pool_id": null,
            "ipv4_netmask_length": null,
            "ipv6_association_id": "",
            "ipv6_cidr_block": "",
            "ipv6_cidr_block_network_border_group": "",
            "ipv6_ipam_pool_id": "",
            "ipv6_netmask_length": 0,
            "main_route_table_id": "rtb-09e7eeac8ff231021",
            "owner_id": "705738638798",
            "region": "us-east-1",
            "tags": {
              "Name": "linux-sandbox-vpc",
              "kubernetes": "linux-sandbox",
              "terraform": "true"
            },
            "tags_all": {
              "Environment": "dev",
              "ManagedBy": "Terraform",
              "Name": "linux-sandbox-vpc",
              "Project": "linux-sandbox",
              "kubernetes": "linux-sandbox",
              "terraform": "true"
            }
          },
          "sensitive_attributes": [],
          "identity_schema_version": 0,
          "identity": {
            "account_id": "705738638798",
            "id": "vpc-0a51c78263886b184",
            "region": "us-east-1"
          },
          "private": "eyJzY2hlbWFfdmVyc2lvbiI6IjEifQ==",
          "create_before_destroy": true
        }
      ]
    }
  ],
  "check_results": null
}
